
Microsoft Visual Studio Solution File, Format Version 12.00
# Visual Studio Version 17
VisualStudioVersion = 17.3.32819.101
MinimumVisualStudioVersion = 10.0.40219.1
Project("{FAE04EC0-301F-11D3-BF4B-00C04F79EFBC}") = "MAD.DataWarehouse.BIM360", "MAD.DataWarehouse.BIM360\MAD.DataWarehouse.BIM360.csproj", "{D86508D9-2F3A-46A0-9806-0E426F4ECDBA}"
EndProject
Global
	GlobalSection(SolutionConfigurationPlatforms) = preSolution
		Debug|Any CPU = Debug|Any CPU
		Release|Any CPU = Release|Any CPU
	EndGlobalSection
	GlobalSection(ProjectConfigurationPlatforms) = postSolution
		{D86508D9-2F3A-46A0-9806-0E426F4ECDBA}.Debug|Any CPU.ActiveCfg = Debug|Any CPU
		{D86508D9-2F3A-46A0-9806-0E426F4ECDBA}.Debug|Any CPU.Build.0 = Debug|Any CPU
		{D86508D9-2F3A-46A0-9806-0E426F4ECDBA}.Release|Any CPU.ActiveCfg = Release|Any CPU
		{D86508D9-2F3A-46A0-9806-0E426F4ECDBA}.Release|Any CPU.Build.0 = Release|Any CPU
	EndGlobalSection
	GlobalSection(SolutionProperties) = preSolution
		HideSolutionNode = FALSE
	EndGlobalSection
	GlobalSection(ExtensibilityGlobals) = postSolution
		SolutionGuid = {E6C790D1-9384-436D-ACCA-F507C248E054}
	EndGlobalSection
EndGlobal
